
Microsoft Visual Studio Solution File, Format Version 12.00
# Visual Studio 15
VisualStudioVersion = 15.0.27004.2009
MinimumVisualStudioVersion = 10.0.40219.1
Project("{FAE04EC0-301F-11D3-BF4B-00C04F79EFBC}") = "VueLearn", "VueLearn\VueLearn.csproj", "{8462F50A-0010-446F-B172-A724E125F1DA}"
EndProject
Global
	GlobalSection(SolutionConfigurationPlatforms) = preSolution
		Debug|Any CPU = Debug|Any CPU
		Release|Any CPU = Release|Any CPU
	EndGlobalSection
	GlobalSection(ProjectConfigurationPlatforms) = postSolution
		{8462F50A-0010-446F-B172-A724E125F1DA}.Debug|Any CPU.ActiveCfg = Debug|Any CPU
		{8462F50A-0010-446F-B172-A724E125F1DA}.Debug|Any CPU.Build.0 = Debug|Any CPU
		{8462F50A-0010-446F-B172-A724E125F1DA}.Release|Any CPU.ActiveCfg = Release|Any CPU
		{8462F50A-0010-446F-B172-A724E125F1DA}.Release|Any CPU.Build.0 = Release|Any CPU
	EndGlobalSection
	GlobalSection(SolutionProperties) = preSolution
		HideSolutionNode = FALSE
	EndGlobalSection
	GlobalSection(ExtensibilityGlobals) = postSolution
		SolutionGuid = {849AA746-1675-4A41-9DE6-993500765850}
	EndGlobalSection
EndGlobal
